
Microsoft Visual Studio Solution File, Format Version 12.00
# Visual Studio Version 17
VisualStudioVersion = 17.7.34031.279
MinimumVisualStudioVersion = 10.0.40219.1
Project("{FAE04EC0-301F-11D3-BF4B-00C04F79EFBC}") = "Challenge - Methods", "Challenge - Methods\Challenge - Methods.csproj", "{02D8E3CC-8A76-469D-9322-820C7E99A400}"
EndProject
Global
	GlobalSection(SolutionConfigurationPlatforms) = preSolution
		Debug|Any CPU = Debug|Any CPU
		Release|Any CPU = Release|Any CPU
	EndGlobalSection
	GlobalSection(ProjectConfigurationPlatforms) = postSolution
		{02D8E3CC-8A76-469D-9322-820C7E99A400}.Debug|Any CPU.ActiveCfg = Debug|Any CPU
		{02D8E3CC-8A76-469D-9322-820C7E99A400}.Debug|Any CPU.Build.0 = Debug|Any CPU
		{02D8E3CC-8A76-469D-9322-820C7E99A400}.Release|Any CPU.ActiveCfg = Release|Any CPU
		{02D8E3CC-8A76-469D-9322-820C7E99A400}.Release|Any CPU.Build.0 = Release|Any CPU
	EndGlobalSection
	GlobalSection(SolutionProperties) = preSolution
		HideSolutionNode = FALSE
	EndGlobalSection
	GlobalSection(ExtensibilityGlobals) = postSolution
		SolutionGuid = {D1ED127F-6E2B-4D49-97F4-7DF6F9FF0DF5}
	EndGlobalSection
EndGlobal
