
Microsoft Visual Studio Solution File, Format Version 12.00
# Visual Studio Version 17
VisualStudioVersion = 17.10.34928.147
MinimumVisualStudioVersion = 10.0.40219.1
Project("{FAE04EC0-301F-11D3-BF4B-00C04F79EFBC}") = "Action Generic Delegate", "Action Generic Delegate.csproj", "{DE969195-AA98-48D5-86A0-5F5AF162883C}"
EndProject
Global
	GlobalSection(SolutionConfigurationPlatforms) = preSolution
		Debug|Any CPU = Debug|Any CPU
		Release|Any CPU = Release|Any CPU
	EndGlobalSection
	GlobalSection(ProjectConfigurationPlatforms) = postSolution
		{DE969195-AA98-48D5-86A0-5F5AF162883C}.Debug|Any CPU.ActiveCfg = Debug|Any CPU
		{DE969195-AA98-48D5-86A0-5F5AF162883C}.Debug|Any CPU.Build.0 = Debug|Any CPU
		{DE969195-AA98-48D5-86A0-5F5AF162883C}.Release|Any CPU.ActiveCfg = Release|Any CPU
		{DE969195-AA98-48D5-86A0-5F5AF162883C}.Release|Any CPU.Build.0 = Release|Any CPU
	EndGlobalSection
	GlobalSection(SolutionProperties) = preSolution
		HideSolutionNode = FALSE
	EndGlobalSection
	GlobalSection(ExtensibilityGlobals) = postSolution
		SolutionGuid = {87C85551-06EB-4EEA-B924-5280E4CDDE4D}
	EndGlobalSection
EndGlobal
