
Microsoft Visual Studio Solution File, Format Version 12.00
# Visual Studio Version 17
VisualStudioVersion = 17.7.34202.233
MinimumVisualStudioVersion = 10.0.40219.1
Project("{FAE04EC0-301F-11D3-BF4B-00C04F79EFBC}") = "Challenge If 2 - Solution", "Challenge If 2 - Solution\Challenge If 2 - Solution.csproj", "{49A62A8E-9660-4304-BD4D-AA931FC24008}"
EndProject
Global
	GlobalSection(SolutionConfigurationPlatforms) = preSolution
		Debug|Any CPU = Debug|Any CPU
		Release|Any CPU = Release|Any CPU
	EndGlobalSection
	GlobalSection(ProjectConfigurationPlatforms) = postSolution
		{49A62A8E-9660-4304-BD4D-AA931FC24008}.Debug|Any CPU.ActiveCfg = Debug|Any CPU
		{49A62A8E-9660-4304-BD4D-AA931FC24008}.Debug|Any CPU.Build.0 = Debug|Any CPU
		{49A62A8E-9660-4304-BD4D-AA931FC24008}.Release|Any CPU.ActiveCfg = Release|Any CPU
		{49A62A8E-9660-4304-BD4D-AA931FC24008}.Release|Any CPU.Build.0 = Release|Any CPU
	EndGlobalSection
	GlobalSection(SolutionProperties) = preSolution
		HideSolutionNode = FALSE
	EndGlobalSection
	GlobalSection(ExtensibilityGlobals) = postSolution
		SolutionGuid = {CF060723-9D0D-4ED4-ABDE-50B4C269E3D5}
	EndGlobalSection
EndGlobal
