
Microsoft Visual Studio Solution File, Format Version 12.00
# Visual Studio Version 17
VisualStudioVersion = 17.7.34031.279
MinimumVisualStudioVersion = 10.0.40219.1
Project("{FAE04EC0-301F-11D3-BF4B-00C04F79EFBC}") = "If", "If\If.csproj", "{7E7FC6A3-7938-4EF1-A5EE-4681CF1A687B}"
EndProject
Global
	GlobalSection(SolutionConfigurationPlatforms) = preSolution
		Debug|Any CPU = Debug|Any CPU
		Release|Any CPU = Release|Any CPU
	EndGlobalSection
	GlobalSection(ProjectConfigurationPlatforms) = postSolution
		{7E7FC6A3-7938-4EF1-A5EE-4681CF1A687B}.Debug|Any CPU.ActiveCfg = Debug|Any CPU
		{7E7FC6A3-7938-4EF1-A5EE-4681CF1A687B}.Debug|Any CPU.Build.0 = Debug|Any CPU
		{7E7FC6A3-7938-4EF1-A5EE-4681CF1A687B}.Release|Any CPU.ActiveCfg = Release|Any CPU
		{7E7FC6A3-7938-4EF1-A5EE-4681CF1A687B}.Release|Any CPU.Build.0 = Release|Any CPU
	EndGlobalSection
	GlobalSection(SolutionProperties) = preSolution
		HideSolutionNode = FALSE
	EndGlobalSection
	GlobalSection(ExtensibilityGlobals) = postSolution
		SolutionGuid = {55E34F20-EC87-41DC-88CB-899E2D292374}
	EndGlobalSection
EndGlobal
