
Microsoft Visual Studio Solution File, Format Version 12.00
# Visual Studio Version 17
VisualStudioVersion = 17.8.34408.163
MinimumVisualStudioVersion = 10.0.40219.1
Project("{FAE04EC0-301F-11D3-BF4B-00C04F79EFBC}") = "Array Lists", "Array Lists\Array Lists.csproj", "{B383639A-45E0-4A68-BA56-BAE6B4E49EAA}"
EndProject
Global
	GlobalSection(SolutionConfigurationPlatforms) = preSolution
		Debug|Any CPU = Debug|Any CPU
		Release|Any CPU = Release|Any CPU
	EndGlobalSection
	GlobalSection(ProjectConfigurationPlatforms) = postSolution
		{B383639A-45E0-4A68-BA56-BAE6B4E49EAA}.Debug|Any CPU.ActiveCfg = Debug|Any CPU
		{B383639A-45E0-4A68-BA56-BAE6B4E49EAA}.Debug|Any CPU.Build.0 = Debug|Any CPU
		{B383639A-45E0-4A68-BA56-BAE6B4E49EAA}.Release|Any CPU.ActiveCfg = Release|Any CPU
		{B383639A-45E0-4A68-BA56-BAE6B4E49EAA}.Release|Any CPU.Build.0 = Release|Any CPU
	EndGlobalSection
	GlobalSection(SolutionProperties) = preSolution
		HideSolutionNode = FALSE
	EndGlobalSection
	GlobalSection(ExtensibilityGlobals) = postSolution
		SolutionGuid = {78D5EBA9-05D8-4975-9A73-8B79260A8D8D}
	EndGlobalSection
EndGlobal
