
Microsoft Visual Studio Solution File, Format Version 12.00
# Visual Studio Version 17
VisualStudioVersion = 17.9.34902.65
MinimumVisualStudioVersion = 10.0.40219.1
Project("{FAE04EC0-301F-11D3-BF4B-00C04F79EFBC}") = "Linq - University Manager", "Linq - University Manager.csproj", "{EA9BCB36-3527-48F8-9A9A-98D9B8D1C0C4}"
EndProject
Global
	GlobalSection(SolutionConfigurationPlatforms) = preSolution
		Debug|Any CPU = Debug|Any CPU
		Release|Any CPU = Release|Any CPU
	EndGlobalSection
	GlobalSection(ProjectConfigurationPlatforms) = postSolution
		{EA9BCB36-3527-48F8-9A9A-98D9B8D1C0C4}.Debug|Any CPU.ActiveCfg = Debug|Any CPU
		{EA9BCB36-3527-48F8-9A9A-98D9B8D1C0C4}.Debug|Any CPU.Build.0 = Debug|Any CPU
		{EA9BCB36-3527-48F8-9A9A-98D9B8D1C0C4}.Release|Any CPU.ActiveCfg = Release|Any CPU
		{EA9BCB36-3527-48F8-9A9A-98D9B8D1C0C4}.Release|Any CPU.Build.0 = Release|Any CPU
	EndGlobalSection
	GlobalSection(SolutionProperties) = preSolution
		HideSolutionNode = FALSE
	EndGlobalSection
	GlobalSection(ExtensibilityGlobals) = postSolution
		SolutionGuid = {91D98246-CE53-45FD-A8CA-E22F6346D545}
	EndGlobalSection
EndGlobal
