
Microsoft Visual Studio Solution File, Format Version 12.00
# Visual Studio Version 17
VisualStudioVersion = 17.9.34902.65
MinimumVisualStudioVersion = 10.0.40219.1
Project("{FAE04EC0-301F-11D3-BF4B-00C04F79EFBC}") = "Linq With XML", "Linq With XML.csproj", "{DFA304D8-A403-4C05-8979-7C60C61EB334}"
EndProject
Global
	GlobalSection(SolutionConfigurationPlatforms) = preSolution
		Debug|Any CPU = Debug|Any CPU
		Release|Any CPU = Release|Any CPU
	EndGlobalSection
	GlobalSection(ProjectConfigurationPlatforms) = postSolution
		{DFA304D8-A403-4C05-8979-7C60C61EB334}.Debug|Any CPU.ActiveCfg = Debug|Any CPU
		{DFA304D8-A403-4C05-8979-7C60C61EB334}.Debug|Any CPU.Build.0 = Debug|Any CPU
		{DFA304D8-A403-4C05-8979-7C60C61EB334}.Release|Any CPU.ActiveCfg = Release|Any CPU
		{DFA304D8-A403-4C05-8979-7C60C61EB334}.Release|Any CPU.Build.0 = Release|Any CPU
	EndGlobalSection
	GlobalSection(SolutionProperties) = preSolution
		HideSolutionNode = FALSE
	EndGlobalSection
	GlobalSection(ExtensibilityGlobals) = postSolution
		SolutionGuid = {338753C7-1D80-4493-9628-E43958C0D70E}
	EndGlobalSection
EndGlobal
