
Microsoft Visual Studio Solution File, Format Version 12.00
# Visual Studio Version 17
VisualStudioVersion = 17.10.34916.146
MinimumVisualStudioVersion = 10.0.40219.1
Project("{FAE04EC0-301F-11D3-BF4B-00C04F79EFBC}") = "A Generic Class", "A Generic Class.csproj", "{81680F11-10CD-44AD-9B0C-8EF5D3185EB9}"
EndProject
Global
	GlobalSection(SolutionConfigurationPlatforms) = preSolution
		Debug|Any CPU = Debug|Any CPU
		Release|Any CPU = Release|Any CPU
	EndGlobalSection
	GlobalSection(ProjectConfigurationPlatforms) = postSolution
		{81680F11-10CD-44AD-9B0C-8EF5D3185EB9}.Debug|Any CPU.ActiveCfg = Debug|Any CPU
		{81680F11-10CD-44AD-9B0C-8EF5D3185EB9}.Debug|Any CPU.Build.0 = Debug|Any CPU
		{81680F11-10CD-44AD-9B0C-8EF5D3185EB9}.Release|Any CPU.ActiveCfg = Release|Any CPU
		{81680F11-10CD-44AD-9B0C-8EF5D3185EB9}.Release|Any CPU.Build.0 = Release|Any CPU
	EndGlobalSection
	GlobalSection(SolutionProperties) = preSolution
		HideSolutionNode = FALSE
	EndGlobalSection
	GlobalSection(ExtensibilityGlobals) = postSolution
		SolutionGuid = {45BF30C0-E242-4DEB-B5E9-683F1C57143C}
	EndGlobalSection
EndGlobal
