
Microsoft Visual Studio Solution File, Format Version 12.00
# Visual Studio Version 17
VisualStudioVersion = 17.7.34031.279
MinimumVisualStudioVersion = 10.0.40219.1
Project("{FAE04EC0-301F-11D3-BF4B-00C04F79EFBC}") = "StringManipulation", "StringManipulation\StringManipulation.csproj", "{DCF561CE-E1A0-4088-BD28-5F791485F562}"
EndProject
Global
	GlobalSection(SolutionConfigurationPlatforms) = preSolution
		Debug|Any CPU = Debug|Any CPU
		Release|Any CPU = Release|Any CPU
	EndGlobalSection
	GlobalSection(ProjectConfigurationPlatforms) = postSolution
		{DCF561CE-E1A0-4088-BD28-5F791485F562}.Debug|Any CPU.ActiveCfg = Debug|Any CPU
		{DCF561CE-E1A0-4088-BD28-5F791485F562}.Debug|Any CPU.Build.0 = Debug|Any CPU
		{DCF561CE-E1A0-4088-BD28-5F791485F562}.Release|Any CPU.ActiveCfg = Release|Any CPU
		{DCF561CE-E1A0-4088-BD28-5F791485F562}.Release|Any CPU.Build.0 = Release|Any CPU
	EndGlobalSection
	GlobalSection(SolutionProperties) = preSolution
		HideSolutionNode = FALSE
	EndGlobalSection
	GlobalSection(ExtensibilityGlobals) = postSolution
		SolutionGuid = {DE787B62-4290-4EBA-9583-1F62ACF49D68}
	EndGlobalSection
EndGlobal
