
Microsoft Visual Studio Solution File, Format Version 12.00
# Visual Studio Version 17
VisualStudioVersion = 17.7.34031.279
MinimumVisualStudioVersion = 10.0.40219.1
Project("{FAE04EC0-301F-11D3-BF4B-00C04F79EFBC}") = "Challenge - Datatypesandvariables", "Challenge - Datatypesandvariables\Challenge - Datatypesandvariables.csproj", "{8EF4FC3F-E7C2-4268-93E0-1452183D9BCF}"
EndProject
Global
	GlobalSection(SolutionConfigurationPlatforms) = preSolution
		Debug|Any CPU = Debug|Any CPU
		Release|Any CPU = Release|Any CPU
	EndGlobalSection
	GlobalSection(ProjectConfigurationPlatforms) = postSolution
		{8EF4FC3F-E7C2-4268-93E0-1452183D9BCF}.Debug|Any CPU.ActiveCfg = Debug|Any CPU
		{8EF4FC3F-E7C2-4268-93E0-1452183D9BCF}.Debug|Any CPU.Build.0 = Debug|Any CPU
		{8EF4FC3F-E7C2-4268-93E0-1452183D9BCF}.Release|Any CPU.ActiveCfg = Release|Any CPU
		{8EF4FC3F-E7C2-4268-93E0-1452183D9BCF}.Release|Any CPU.Build.0 = Release|Any CPU
	EndGlobalSection
	GlobalSection(SolutionProperties) = preSolution
		HideSolutionNode = FALSE
	EndGlobalSection
	GlobalSection(ExtensibilityGlobals) = postSolution
		SolutionGuid = {E1CE2F09-CFA8-4762-B0FA-DC89D44DB7DA}
	EndGlobalSection
EndGlobal
