
Microsoft Visual Studio Solution File, Format Version 12.00
# Visual Studio Version 17
VisualStudioVersion = 17.8.34408.163
MinimumVisualStudioVersion = 10.0.40219.1
Project("{FAE04EC0-301F-11D3-BF4B-00C04F79EFBC}") = "Inheritance Challenge 2 - Employees, Bosses and Trainees", "Inheritance Challenge 2 - Employees, Bosses and Trainees\Inheritance Challenge 2 - Employees, Bosses and Trainees.csproj", "{4E56BA6F-165B-4F41-BF49-283767E60584}"
EndProject
Global
	GlobalSection(SolutionConfigurationPlatforms) = preSolution
		Debug|Any CPU = Debug|Any CPU
		Release|Any CPU = Release|Any CPU
	EndGlobalSection
	GlobalSection(ProjectConfigurationPlatforms) = postSolution
		{4E56BA6F-165B-4F41-BF49-283767E60584}.Debug|Any CPU.ActiveCfg = Debug|Any CPU
		{4E56BA6F-165B-4F41-BF49-283767E60584}.Debug|Any CPU.Build.0 = Debug|Any CPU
		{4E56BA6F-165B-4F41-BF49-283767E60584}.Release|Any CPU.ActiveCfg = Release|Any CPU
		{4E56BA6F-165B-4F41-BF49-283767E60584}.Release|Any CPU.Build.0 = Release|Any CPU
	EndGlobalSection
	GlobalSection(SolutionProperties) = preSolution
		HideSolutionNode = FALSE
	EndGlobalSection
	GlobalSection(ExtensibilityGlobals) = postSolution
		SolutionGuid = {F3E6062B-6117-4C1B-BFC6-01FCD429A260}
	EndGlobalSection
EndGlobal
