
Microsoft Visual Studio Solution File, Format Version 12.00
# Visual Studio Version 17
VisualStudioVersion = 17.7.34031.279
MinimumVisualStudioVersion = 10.0.40219.1
Project("{FAE04EC0-301F-11D3-BF4B-00C04F79EFBC}") = "Userinput", "Userinput\Userinput.csproj", "{A21055A3-B689-4F69-A738-8CFB039D591A}"
EndProject
Global
	GlobalSection(SolutionConfigurationPlatforms) = preSolution
		Debug|Any CPU = Debug|Any CPU
		Release|Any CPU = Release|Any CPU
	EndGlobalSection
	GlobalSection(ProjectConfigurationPlatforms) = postSolution
		{A21055A3-B689-4F69-A738-8CFB039D591A}.Debug|Any CPU.ActiveCfg = Debug|Any CPU
		{A21055A3-B689-4F69-A738-8CFB039D591A}.Debug|Any CPU.Build.0 = Debug|Any CPU
		{A21055A3-B689-4F69-A738-8CFB039D591A}.Release|Any CPU.ActiveCfg = Release|Any CPU
		{A21055A3-B689-4F69-A738-8CFB039D591A}.Release|Any CPU.Build.0 = Release|Any CPU
	EndGlobalSection
	GlobalSection(SolutionProperties) = preSolution
		HideSolutionNode = FALSE
	EndGlobalSection
	GlobalSection(ExtensibilityGlobals) = postSolution
		SolutionGuid = {06F37771-970F-48A4-8042-85068797EFF0}
	EndGlobalSection
EndGlobal
