
Microsoft Visual Studio Solution File, Format Version 12.00
# Visual Studio Version 17
VisualStudioVersion = 17.10.34916.146
MinimumVisualStudioVersion = 10.0.40219.1
Project("{FAE04EC0-301F-11D3-BF4B-00C04F79EFBC}") = "Generic Class in Method", "Generic Class in Method.csproj", "{40B36AFC-1DD3-4D37-AC04-BED5E3DCADE2}"
EndProject
Global
	GlobalSection(SolutionConfigurationPlatforms) = preSolution
		Debug|Any CPU = Debug|Any CPU
		Release|Any CPU = Release|Any CPU
	EndGlobalSection
	GlobalSection(ProjectConfigurationPlatforms) = postSolution
		{40B36AFC-1DD3-4D37-AC04-BED5E3DCADE2}.Debug|Any CPU.ActiveCfg = Debug|Any CPU
		{40B36AFC-1DD3-4D37-AC04-BED5E3DCADE2}.Debug|Any CPU.Build.0 = Debug|Any CPU
		{40B36AFC-1DD3-4D37-AC04-BED5E3DCADE2}.Release|Any CPU.ActiveCfg = Release|Any CPU
		{40B36AFC-1DD3-4D37-AC04-BED5E3DCADE2}.Release|Any CPU.Build.0 = Release|Any CPU
	EndGlobalSection
	GlobalSection(SolutionProperties) = preSolution
		HideSolutionNode = FALSE
	EndGlobalSection
	GlobalSection(ExtensibilityGlobals) = postSolution
		SolutionGuid = {6B2F0D7F-5D63-4820-8882-913AE98CC8BD}
	EndGlobalSection
EndGlobal
