
Microsoft Visual Studio Solution File, Format Version 12.00
# Visual Studio Version 17
VisualStudioVersion = 17.10.34916.146
MinimumVisualStudioVersion = 10.0.40219.1
Project("{FAE04EC0-301F-11D3-BF4B-00C04F79EFBC}") = "Open-Closed Principle", "Open-Closed Principle.csproj", "{D5300148-7590-4F8A-9B77-7BD7719618DF}"
EndProject
Global
	GlobalSection(SolutionConfigurationPlatforms) = preSolution
		Debug|Any CPU = Debug|Any CPU
		Release|Any CPU = Release|Any CPU
	EndGlobalSection
	GlobalSection(ProjectConfigurationPlatforms) = postSolution
		{D5300148-7590-4F8A-9B77-7BD7719618DF}.Debug|Any CPU.ActiveCfg = Debug|Any CPU
		{D5300148-7590-4F8A-9B77-7BD7719618DF}.Debug|Any CPU.Build.0 = Debug|Any CPU
		{D5300148-7590-4F8A-9B77-7BD7719618DF}.Release|Any CPU.ActiveCfg = Release|Any CPU
		{D5300148-7590-4F8A-9B77-7BD7719618DF}.Release|Any CPU.Build.0 = Release|Any CPU
	EndGlobalSection
	GlobalSection(SolutionProperties) = preSolution
		HideSolutionNode = FALSE
	EndGlobalSection
	GlobalSection(ExtensibilityGlobals) = postSolution
		SolutionGuid = {1E623334-EB85-4537-A4A9-F053C0E4FEB8}
	EndGlobalSection
EndGlobal
