
Microsoft Visual Studio Solution File, Format Version 12.00
# Visual Studio Version 17
VisualStudioVersion = 17.8.34408.163
MinimumVisualStudioVersion = 10.0.40219.1
Project("{FAE04EC0-301F-11D3-BF4B-00C04F79EFBC}") = "Stacks in C#", "Stacks in C#\Stacks in C#.csproj", "{35F75D90-375E-4465-9792-5FB29CAD3940}"
EndProject
Global
	GlobalSection(SolutionConfigurationPlatforms) = preSolution
		Debug|Any CPU = Debug|Any CPU
		Release|Any CPU = Release|Any CPU
	EndGlobalSection
	GlobalSection(ProjectConfigurationPlatforms) = postSolution
		{35F75D90-375E-4465-9792-5FB29CAD3940}.Debug|Any CPU.ActiveCfg = Debug|Any CPU
		{35F75D90-375E-4465-9792-5FB29CAD3940}.Debug|Any CPU.Build.0 = Debug|Any CPU
		{35F75D90-375E-4465-9792-5FB29CAD3940}.Release|Any CPU.ActiveCfg = Release|Any CPU
		{35F75D90-375E-4465-9792-5FB29CAD3940}.Release|Any CPU.Build.0 = Release|Any CPU
	EndGlobalSection
	GlobalSection(SolutionProperties) = preSolution
		HideSolutionNode = FALSE
	EndGlobalSection
	GlobalSection(ExtensibilityGlobals) = postSolution
		SolutionGuid = {A3182576-532C-4C2A-87BE-63AABA2FEC46}
	EndGlobalSection
EndGlobal
