
Microsoft Visual Studio Solution File, Format Version 12.00
# Visual Studio Version 17
VisualStudioVersion = 17.7.34031.279
MinimumVisualStudioVersion = 10.0.40219.1
Project("{FAE04EC0-301F-11D3-BF4B-00C04F79EFBC}") = "NamingConventions", "NamingConventions\NamingConventions.csproj", "{B204661B-83DB-4A07-BA7B-9F30A6241857}"
EndProject
Global
	GlobalSection(SolutionConfigurationPlatforms) = preSolution
		Debug|Any CPU = Debug|Any CPU
		Release|Any CPU = Release|Any CPU
	EndGlobalSection
	GlobalSection(ProjectConfigurationPlatforms) = postSolution
		{B204661B-83DB-4A07-BA7B-9F30A6241857}.Debug|Any CPU.ActiveCfg = Debug|Any CPU
		{B204661B-83DB-4A07-BA7B-9F30A6241857}.Debug|Any CPU.Build.0 = Debug|Any CPU
		{B204661B-83DB-4A07-BA7B-9F30A6241857}.Release|Any CPU.ActiveCfg = Release|Any CPU
		{B204661B-83DB-4A07-BA7B-9F30A6241857}.Release|Any CPU.Build.0 = Release|Any CPU
	EndGlobalSection
	GlobalSection(SolutionProperties) = preSolution
		HideSolutionNode = FALSE
	EndGlobalSection
	GlobalSection(ExtensibilityGlobals) = postSolution
		SolutionGuid = {86DDECAE-1DD2-45D1-BB53-69A4ED113584}
	EndGlobalSection
EndGlobal
