
Microsoft Visual Studio Solution File, Format Version 12.00
# Visual Studio Version 17
VisualStudioVersion = 17.7.34031.279
MinimumVisualStudioVersion = 10.0.40219.1
Project("{FAE04EC0-301F-11D3-BF4B-00C04F79EFBC}") = "Challenge - If", "Challenge - If\Challenge - If.csproj", "{2D83242E-BB98-4849-B52A-6B81085785D1}"
EndProject
Global
	GlobalSection(SolutionConfigurationPlatforms) = preSolution
		Debug|Any CPU = Debug|Any CPU
		Release|Any CPU = Release|Any CPU
	EndGlobalSection
	GlobalSection(ProjectConfigurationPlatforms) = postSolution
		{2D83242E-BB98-4849-B52A-6B81085785D1}.Debug|Any CPU.ActiveCfg = Debug|Any CPU
		{2D83242E-BB98-4849-B52A-6B81085785D1}.Debug|Any CPU.Build.0 = Debug|Any CPU
		{2D83242E-BB98-4849-B52A-6B81085785D1}.Release|Any CPU.ActiveCfg = Release|Any CPU
		{2D83242E-BB98-4849-B52A-6B81085785D1}.Release|Any CPU.Build.0 = Release|Any CPU
	EndGlobalSection
	GlobalSection(SolutionProperties) = preSolution
		HideSolutionNode = FALSE
	EndGlobalSection
	GlobalSection(ExtensibilityGlobals) = postSolution
		SolutionGuid = {8C308E31-D2CD-417C-BEC2-41BB2374BE53}
	EndGlobalSection
EndGlobal
