
Microsoft Visual Studio Solution File, Format Version 12.00
# Visual Studio Version 17
VisualStudioVersion = 17.9.34728.123
MinimumVisualStudioVersion = 10.0.40219.1
Project("{FAE04EC0-301F-11D3-BF4B-00C04F79EFBC}") = "Assignment - Parsing Game", "Assignment - Parsing Game\Assignment - Parsing Game.csproj", "{EC49A6F3-B676-4E83-8D66-A08567DFD956}"
EndProject
Global
	GlobalSection(SolutionConfigurationPlatforms) = preSolution
		Debug|Any CPU = Debug|Any CPU
		Release|Any CPU = Release|Any CPU
	EndGlobalSection
	GlobalSection(ProjectConfigurationPlatforms) = postSolution
		{EC49A6F3-B676-4E83-8D66-A08567DFD956}.Debug|Any CPU.ActiveCfg = Debug|Any CPU
		{EC49A6F3-B676-4E83-8D66-A08567DFD956}.Debug|Any CPU.Build.0 = Debug|Any CPU
		{EC49A6F3-B676-4E83-8D66-A08567DFD956}.Release|Any CPU.ActiveCfg = Release|Any CPU
		{EC49A6F3-B676-4E83-8D66-A08567DFD956}.Release|Any CPU.Build.0 = Release|Any CPU
	EndGlobalSection
	GlobalSection(SolutionProperties) = preSolution
		HideSolutionNode = FALSE
	EndGlobalSection
	GlobalSection(ExtensibilityGlobals) = postSolution
		SolutionGuid = {D670B386-D0FD-4656-82D9-2C1F4FB009C2}
	EndGlobalSection
EndGlobal
