
Microsoft Visual Studio Solution File, Format Version 12.00
# Visual Studio Version 17
VisualStudioVersion = 17.8.34408.163
MinimumVisualStudioVersion = 10.0.40219.1
Project("{FAE04EC0-301F-11D3-BF4B-00C04F79EFBC}") = "Debugging Basics", "Debugging Basics\Debugging Basics.csproj", "{7CF25A75-9930-40E0-A90E-8B370B085708}"
EndProject
Global
	GlobalSection(SolutionConfigurationPlatforms) = preSolution
		Debug|Any CPU = Debug|Any CPU
		Release|Any CPU = Release|Any CPU
	EndGlobalSection
	GlobalSection(ProjectConfigurationPlatforms) = postSolution
		{7CF25A75-9930-40E0-A90E-8B370B085708}.Debug|Any CPU.ActiveCfg = Debug|Any CPU
		{7CF25A75-9930-40E0-A90E-8B370B085708}.Debug|Any CPU.Build.0 = Debug|Any CPU
		{7CF25A75-9930-40E0-A90E-8B370B085708}.Release|Any CPU.ActiveCfg = Release|Any CPU
		{7CF25A75-9930-40E0-A90E-8B370B085708}.Release|Any CPU.Build.0 = Release|Any CPU
	EndGlobalSection
	GlobalSection(SolutionProperties) = preSolution
		HideSolutionNode = FALSE
	EndGlobalSection
	GlobalSection(ExtensibilityGlobals) = postSolution
		SolutionGuid = {38669767-F616-41FC-9D21-1AA019969D3F}
	EndGlobalSection
EndGlobal
