
Microsoft Visual Studio Solution File, Format Version 12.00
# Visual Studio Version 17
VisualStudioVersion = 17.9.34728.123
MinimumVisualStudioVersion = 10.0.40219.1
Project("{FAE04EC0-301F-11D3-BF4B-00C04F79EFBC}") = "Random Class", "Random Class\Random Class.csproj", "{5ADA8838-D062-4C28-83C4-FCA69634E654}"
EndProject
Global
	GlobalSection(SolutionConfigurationPlatforms) = preSolution
		Debug|Any CPU = Debug|Any CPU
		Release|Any CPU = Release|Any CPU
	EndGlobalSection
	GlobalSection(ProjectConfigurationPlatforms) = postSolution
		{5ADA8838-D062-4C28-83C4-FCA69634E654}.Debug|Any CPU.ActiveCfg = Debug|Any CPU
		{5ADA8838-D062-4C28-83C4-FCA69634E654}.Debug|Any CPU.Build.0 = Debug|Any CPU
		{5ADA8838-D062-4C28-83C4-FCA69634E654}.Release|Any CPU.ActiveCfg = Release|Any CPU
		{5ADA8838-D062-4C28-83C4-FCA69634E654}.Release|Any CPU.Build.0 = Release|Any CPU
	EndGlobalSection
	GlobalSection(SolutionProperties) = preSolution
		HideSolutionNode = FALSE
	EndGlobalSection
	GlobalSection(ExtensibilityGlobals) = postSolution
		SolutionGuid = {CD289CC0-00CD-4049-9D9D-FECE7D047F43}
	EndGlobalSection
EndGlobal
